
Microsoft Visual Studio Solution File, Format Version 12.00
# Visual Studio Version 16
VisualStudioVersion = 16.0.30907.101
MinimumVisualStudioVersion = 10.0.40219.1
Project("{FAE04EC0-301F-11D3-BF4B-00C04F79EFBC}") = "InventoryManagmentSystem", "InventoryManagmentSystem.csproj", "{792B061C-3BE8-4218-8E25-2903A990802F}"
EndProject
Global
	GlobalSection(SolutionConfigurationPlatforms) = preSolution
		Debug|Any CPU = Debug|Any CPU
		Release|Any CPU = Release|Any CPU
	EndGlobalSection
	GlobalSection(ProjectConfigurationPlatforms) = postSolution
		{792B061C-3BE8-4218-8E25-2903A990802F}.Debug|Any CPU.ActiveCfg = Debug|Any CPU
		{792B061C-3BE8-4218-8E25-2903A990802F}.Debug|Any CPU.Build.0 = Debug|Any CPU
		{792B061C-3BE8-4218-8E25-2903A990802F}.Release|Any CPU.ActiveCfg = Release|Any CPU
		{792B061C-3BE8-4218-8E25-2903A990802F}.Release|Any CPU.Build.0 = Release|Any CPU
	EndGlobalSection
	GlobalSection(SolutionProperties) = preSolution
		HideSolutionNode = FALSE
	EndGlobalSection
	GlobalSection(ExtensibilityGlobals) = postSolution
		SolutionGuid = {4D2DC7A9-BE13-437F-B8E0-10406673C03F}
	EndGlobalSection
EndGlobal
